{
  "name": "printlet",
  "version": "0.4.2",
  "dependencies": {
    "canvas": {
      "version": "1.1.3",
      "from": "canvas@1.1.3",
      "resolved": "https://registry.npmjs.org/canvas/-/canvas-1.1.3.tgz",
      "dependencies": {
        "nan": {
          "version": "0.4.4",
          "from": "nan@0.4.4",
          "resolved": "https://registry.npmjs.org/nan/-/nan-0.4.4.tgz"
        }
      }
    },
    "get": {
      "version": "1.3.0",
      "from": "get@*",
      "resolved": "https://registry.npmjs.org/get/-/get-1.3.0.tgz"
    },
    "proj4": {
      "version": "2.1.0",
      "from": "proj4@2.1.0",
      "resolved": "https://registry.npmjs.org/proj4/-/proj4-2.1.0.tgz",
      "dependencies": {
        "mgrs": {
          "version": "0.0.0",
          "from": "mgrs@0.0.0",
          "resolved": "https://registry.npmjs.org/mgrs/-/mgrs-0.0.0.tgz"
        }
      }
    },
    "promise": {
      "version": "4.0.0",
      "from": "promise@4.0.0",
      "resolved": "https://registry.npmjs.org/promise/-/promise-4.0.0.tgz",
      "dependencies": {
        "asap": {
          "version": "1.0.0",
          "from": "asap@~1.0.0"
        }
      }
    }
  }
}
